# This file is generated by running "yarn install" inside your project.
# Manual changes might be lost - proceed with caution!

__metadata:
  version: 5
  cacheKey: 8

"@types/prop-types@npm:*":
  version: 15.7.4
  resolution: "@types/prop-types@npm:15.7.4"
  checksum: ef6e1899e59b876c273811b1bd845022fc66d5a3d11cb38a25b6c566b30514ae38fe20a40f67622f362a4f4f7f9224e22d8da101cff3d6e97e11d7b4c307cfc1
  languageName: node
  linkType: hard

"@types/react-dom@npm:^17.0.11":
  version: 17.0.11
  resolution: "@types/react-dom@npm:17.0.11"
  dependencies:
    "@types/react": "*"
  checksum: 4d5730dffbef86c887cecad7e3cecda424ce6a64d0b5441c63b5b015d48219868660a2bb1aa15e897e565ad8867fa6b885d4358b04e1c4e589ba4c07c3fda55c
  languageName: node
  linkType: hard

"@types/react@npm:*, @types/react@npm:^17.0.38":
  version: 17.0.38
  resolution: "@types/react@npm:17.0.38"
  dependencies:
    "@types/prop-types": "*"
    "@types/scheduler": "*"
    csstype: ^3.0.2
  checksum: 4079f4f959cd4a4bfaeda8b89fe8a1b1f8bdc9d87acfdc5f74a0b39cec9ec6a470724357c62778c0f063180b360c250e920c5a142f1dbcda67d9cc25a6d43a85
  languageName: node
  linkType: hard

"@types/scheduler@npm:*":
  version: 0.16.2
  resolution: "@types/scheduler@npm:0.16.2"
  checksum: b6b4dcfeae6deba2e06a70941860fb1435730576d3689225a421280b7742318d1548b3d22c1f66ab68e414f346a9542f29240bc955b6332c5b11e561077583bc
  languageName: node
  linkType: hard

"create-serve@npm:^1.0.1":
  version: 1.0.1
  resolution: "create-serve@npm:1.0.1"
  bin:
    create-serve: src/bin.js
  checksum: 96f4a30f937d9fca7194647cf393804f7fe5815eb5979c524f4fcea37eaa1e44bd234f4e556f83099528c6cc14b9976b04c80ab9e633d3abe6187b7f5a0ad5a2
  languageName: node
  linkType: hard

"csstype@npm:^3.0.2":
  version: 3.0.10
  resolution: "csstype@npm:3.0.10"
  checksum: 20a8fa324f2b33ddf94aa7507d1b6ab3daa6f3cc308888dc50126585d7952f2471de69b2dbe0635d1fdc31223fef8e070842691877e725caf456e2378685a631
  languageName: node
  linkType: hard

"esbuild-android-arm64@npm:0.14.11":
  version: 0.14.11
  resolution: "esbuild-android-arm64@npm:0.14.11"
  conditions: os=android & cpu=arm64
  languageName: node
  linkType: hard

"esbuild-darwin-64@npm:0.14.11":
  version: 0.14.11
  resolution: "esbuild-darwin-64@npm:0.14.11"
  conditions: os=darwin & cpu=x64
  languageName: node
  linkType: hard

"esbuild-darwin-arm64@npm:0.14.11":
  version: 0.14.11
  resolution: "esbuild-darwin-arm64@npm:0.14.11"
  conditions: os=darwin & cpu=arm64
  languageName: node
  linkType: hard

"esbuild-freebsd-64@npm:0.14.11":
  version: 0.14.11
  resolution: "esbuild-freebsd-64@npm:0.14.11"
  conditions: os=freebsd & cpu=x64
  languageName: node
  linkType: hard

"esbuild-freebsd-arm64@npm:0.14.11":
  version: 0.14.11
  resolution: "esbuild-freebsd-arm64@npm:0.14.11"
  conditions: os=freebsd & cpu=arm64
  languageName: node
  linkType: hard

"esbuild-linux-32@npm:0.14.11":
  version: 0.14.11
  resolution: "esbuild-linux-32@npm:0.14.11"
  conditions: os=linux & cpu=ia32
  languageName: node
  linkType: hard

"esbuild-linux-64@npm:0.14.11":
  version: 0.14.11
  resolution: "esbuild-linux-64@npm:0.14.11"
  conditions: os=linux & cpu=x64
  languageName: node
  linkType: hard

"esbuild-linux-arm64@npm:0.14.11":
  version: 0.14.11
  resolution: "esbuild-linux-arm64@npm:0.14.11"
  conditions: os=linux & cpu=arm64
  languageName: node
  linkType: hard

"esbuild-linux-arm@npm:0.14.11":
  version: 0.14.11
  resolution: "esbuild-linux-arm@npm:0.14.11"
  conditions: os=linux & cpu=arm
  languageName: node
  linkType: hard

"esbuild-linux-mips64le@npm:0.14.11":
  version: 0.14.11
  resolution: "esbuild-linux-mips64le@npm:0.14.11"
  conditions: os=linux & cpu=mips64el
  languageName: node
  linkType: hard

"esbuild-linux-ppc64le@npm:0.14.11":
  version: 0.14.11
  resolution: "esbuild-linux-ppc64le@npm:0.14.11"
  conditions: os=linux & cpu=ppc64
  languageName: node
  linkType: hard

"esbuild-linux-s390x@npm:0.14.11":
  version: 0.14.11
  resolution: "esbuild-linux-s390x@npm:0.14.11"
  conditions: os=linux & cpu=s390x
  languageName: node
  linkType: hard

"esbuild-netbsd-64@npm:0.14.11":
  version: 0.14.11
  resolution: "esbuild-netbsd-64@npm:0.14.11"
  conditions: os=netbsd & cpu=x64
  languageName: node
  linkType: hard

"esbuild-openbsd-64@npm:0.14.11":
  version: 0.14.11
  resolution: "esbuild-openbsd-64@npm:0.14.11"
  conditions: os=openbsd & cpu=x64
  languageName: node
  linkType: hard

"esbuild-serve@npm:^1.0.1":
  version: 1.0.1
  resolution: "esbuild-serve@npm:1.0.1"
  dependencies:
    create-serve: ^1.0.1
    esbuild: ^0.9.0
  checksum: 88a6fe6a5639819544e1834a315bfbf6e5d72b74db86d9c7e637181955d539253a9d6272fce12cf69c59e3f0c4726db9813fa6c822ab9c9c16faa58e751ae6e4
  languageName: node
  linkType: hard

"esbuild-sunos-64@npm:0.14.11":
  version: 0.14.11
  resolution: "esbuild-sunos-64@npm:0.14.11"
  conditions: os=sunos & cpu=x64
  languageName: node
  linkType: hard

"esbuild-windows-32@npm:0.14.11":
  version: 0.14.11
  resolution: "esbuild-windows-32@npm:0.14.11"
  conditions: os=win32 & cpu=ia32
  languageName: node
  linkType: hard

"esbuild-windows-64@npm:0.14.11":
  version: 0.14.11
  resolution: "esbuild-windows-64@npm:0.14.11"
  conditions: os=win32 & cpu=x64
  languageName: node
  linkType: hard

"esbuild-windows-arm64@npm:0.14.11":
  version: 0.14.11
  resolution: "esbuild-windows-arm64@npm:0.14.11"
  conditions: os=win32 & cpu=arm64
  languageName: node
  linkType: hard

"esbuild@npm:^0.14.11":
  version: 0.14.11
  resolution: "esbuild@npm:0.14.11"
  dependencies:
    esbuild-android-arm64: 0.14.11
    esbuild-darwin-64: 0.14.11
    esbuild-darwin-arm64: 0.14.11
    esbuild-freebsd-64: 0.14.11
    esbuild-freebsd-arm64: 0.14.11
    esbuild-linux-32: 0.14.11
    esbuild-linux-64: 0.14.11
    esbuild-linux-arm: 0.14.11
    esbuild-linux-arm64: 0.14.11
    esbuild-linux-mips64le: 0.14.11
    esbuild-linux-ppc64le: 0.14.11
    esbuild-linux-s390x: 0.14.11
    esbuild-netbsd-64: 0.14.11
    esbuild-openbsd-64: 0.14.11
    esbuild-sunos-64: 0.14.11
    esbuild-windows-32: 0.14.11
    esbuild-windows-64: 0.14.11
    esbuild-windows-arm64: 0.14.11
  dependenciesMeta:
    esbuild-android-arm64:
      optional: true
    esbuild-darwin-64:
      optional: true
    esbuild-darwin-arm64:
      optional: true
    esbuild-freebsd-64:
      optional: true
    esbuild-freebsd-arm64:
      optional: true
    esbuild-linux-32:
      optional: true
    esbuild-linux-64:
      optional: true
    esbuild-linux-arm:
      optional: true
    esbuild-linux-arm64:
      optional: true
    esbuild-linux-mips64le:
      optional: true
    esbuild-linux-ppc64le:
      optional: true
    esbuild-linux-s390x:
      optional: true
    esbuild-netbsd-64:
      optional: true
    esbuild-openbsd-64:
      optional: true
    esbuild-sunos-64:
      optional: true
    esbuild-windows-32:
      optional: true
    esbuild-windows-64:
      optional: true
    esbuild-windows-arm64:
      optional: true
  bin:
    esbuild: bin/esbuild
  checksum: dd034f76fa180ae947a458d84cd3ad4989f1630bc55f092f35d562c18480e56ed0ede99752ffc13d341434ff09063110c765243a4d46244ea2422f2683dbd822
  languageName: node
  linkType: hard

"esbuild@npm:^0.9.0":
  version: 0.9.7
  resolution: "esbuild@npm:0.9.7"
  bin:
    esbuild: bin/esbuild
  checksum: fc2a33e46cf66747f9a4416a03ecd39adc353516b6972086d2633040221c9bb4d01cde409f6396d223517ac6fe73bbeea16b79109fcb283d0ed13e7ae7f04d42
  languageName: node
  linkType: hard

"expression-builder@workspace:.":
  version: 0.0.0-use.local
  resolution: "expression-builder@workspace:."
  dependencies:
    "@types/react": ^17.0.38
    "@types/react-dom": ^17.0.11
    esbuild: ^0.14.11
    esbuild-serve: ^1.0.1
    react: ^17.0.2
    react-dom: ^17.0.2
    typescript: ^4.5.4
  languageName: unknown
  linkType: soft

"js-tokens@npm:^3.0.0 || ^4.0.0":
  version: 4.0.0
  resolution: "js-tokens@npm:4.0.0"
  checksum: 8a95213a5a77deb6cbe94d86340e8d9ace2b93bc367790b260101d2f36a2eaf4e4e22d9fa9cf459b38af3a32fb4190e638024cf82ec95ef708680e405ea7cc78
  languageName: node
  linkType: hard

"loose-envify@npm:^1.1.0":
  version: 1.4.0
  resolution: "loose-envify@npm:1.4.0"
  dependencies:
    js-tokens: ^3.0.0 || ^4.0.0
  bin:
    loose-envify: cli.js
  checksum: 6517e24e0cad87ec9888f500c5b5947032cdfe6ef65e1c1936a0c48a524b81e65542c9c3edc91c97d5bddc806ee2a985dbc79be89215d613b1de5db6d1cfe6f4
  languageName: node
  linkType: hard

"object-assign@npm:^4.1.1":
  version: 4.1.1
  resolution: "object-assign@npm:4.1.1"
  checksum: fcc6e4ea8c7fe48abfbb552578b1c53e0d194086e2e6bbbf59e0a536381a292f39943c6e9628af05b5528aa5e3318bb30d6b2e53cadaf5b8fe9e12c4b69af23f
  languageName: node
  linkType: hard

"react-dom@npm:^17.0.2":
  version: 17.0.2
  resolution: "react-dom@npm:17.0.2"
  dependencies:
    loose-envify: ^1.1.0
    object-assign: ^4.1.1
    scheduler: ^0.20.2
  peerDependencies:
    react: 17.0.2
  checksum: 1c1eaa3bca7c7228d24b70932e3d7c99e70d1d04e13bb0843bbf321582bc25d7961d6b8a6978a58a598af2af496d1cedcfb1bf65f6b0960a0a8161cb8dab743c
  languageName: node
  linkType: hard

"react@npm:^17.0.2":
  version: 17.0.2
  resolution: "react@npm:17.0.2"
  dependencies:
    loose-envify: ^1.1.0
    object-assign: ^4.1.1
  checksum: b254cc17ce3011788330f7bbf383ab653c6848902d7936a87b09d835d091e3f295f7e9dd1597c6daac5dc80f90e778c8230218ba8ad599f74adcc11e33b9d61b
  languageName: node
  linkType: hard

"scheduler@npm:^0.20.2":
  version: 0.20.2
  resolution: "scheduler@npm:0.20.2"
  dependencies:
    loose-envify: ^1.1.0
    object-assign: ^4.1.1
  checksum: c4b35cf967c8f0d3e65753252d0f260271f81a81e427241295c5a7b783abf4ea9e905f22f815ab66676f5313be0a25f47be582254db8f9241b259213e999b8fc
  languageName: node
  linkType: hard

"typescript@npm:^4.5.4":
  version: 4.5.4
  resolution: "typescript@npm:4.5.4"
  bin:
    tsc: bin/tsc
    tsserver: bin/tsserver
  checksum: 59f3243f9cd6fe3161e6150ff6bf795fc843b4234a655dbd938a310515e0d61afd1ac942799e7415e4334255e41c2c49b7dd5d9fd38a17acd25a6779ca7e0961
  languageName: node
  linkType: hard

"typescript@patch:typescript@^4.5.4#~builtin<compat/typescript>":
  version: 4.5.4
  resolution: "typescript@patch:typescript@npm%3A4.5.4#~builtin<compat/typescript>::version=4.5.4&hash=493e53"
  bin:
    tsc: bin/tsc
    tsserver: bin/tsserver
  checksum: 2e488dde7d2c4a2fa2e79cf2470600f8ce81bc0563c276b72df8ff412d74456ae532ba824650ae936ce207440c79720ddcfaa25e3cb4477572b8534fa4e34d49
  languageName: node
  linkType: hard
